
Microsoft Visual Studio Solution File, Format Version 12.00
# Visual Studio 14
VisualStudioVersion = 14.0.24720.0
MinimumVisualStudioVersion = 10.0.40219.1
Project("{FAE04EC0-301F-11D3-BF4B-00C04F79EFBC}") = "SignalR.Event.Web", "SignalR.Event.Web\SignalR.Event.Web.csproj", "{5B16B126-FFE1-4732-B140-81E4DCB7DB87}"
EndProject
Project("{FAE04EC0-301F-11D3-BF4B-00C04F79EFBC}") = "SignalR.WebAPI", "SignalR.WebAPI\SignalR.WebAPI.csproj", "{D855AEE7-64EE-45E5-80E9-3EE2610A24F5}"
EndProject
Project("{FAE04EC0-301F-11D3-BF4B-00C04F79EFBC}") = "SignalR.Event.Contract", "SignalR.Event.Contract\SignalR.Event.Contract.csproj", "{65BB8821-6C20-4F2A-A2A7-2AB5F20DB2BA}"
EndProject
Global
	GlobalSection(SolutionConfigurationPlatforms) = preSolution
		Debug|Any CPU = Debug|Any CPU
		Release|Any CPU = Release|Any CPU
	EndGlobalSection
	GlobalSection(ProjectConfigurationPlatforms) = postSolution
		{5B16B126-FFE1-4732-B140-81E4DCB7DB87}.Debug|Any CPU.ActiveCfg = Debug|Any CPU
		{5B16B126-FFE1-4732-B140-81E4DCB7DB87}.Debug|Any CPU.Build.0 = Debug|Any CPU
		{5B16B126-FFE1-4732-B140-81E4DCB7DB87}.Release|Any CPU.ActiveCfg = Release|Any CPU
		{5B16B126-FFE1-4732-B140-81E4DCB7DB87}.Release|Any CPU.Build.0 = Release|Any CPU
		{D855AEE7-64EE-45E5-80E9-3EE2610A24F5}.Debug|Any CPU.ActiveCfg = Debug|Any CPU
		{D855AEE7-64EE-45E5-80E9-3EE2610A24F5}.Debug|Any CPU.Build.0 = Debug|Any CPU
		{D855AEE7-64EE-45E5-80E9-3EE2610A24F5}.Release|Any CPU.ActiveCfg = Release|Any CPU
		{D855AEE7-64EE-45E5-80E9-3EE2610A24F5}.Release|Any CPU.Build.0 = Release|Any CPU
		{65BB8821-6C20-4F2A-A2A7-2AB5F20DB2BA}.Debug|Any CPU.ActiveCfg = Debug|Any CPU
		{65BB8821-6C20-4F2A-A2A7-2AB5F20DB2BA}.Debug|Any CPU.Build.0 = Debug|Any CPU
		{65BB8821-6C20-4F2A-A2A7-2AB5F20DB2BA}.Release|Any CPU.ActiveCfg = Release|Any CPU
		{65BB8821-6C20-4F2A-A2A7-2AB5F20DB2BA}.Release|Any CPU.Build.0 = Release|Any CPU
	EndGlobalSection
	GlobalSection(SolutionProperties) = preSolution
		HideSolutionNode = FALSE
	EndGlobalSection
EndGlobal
